{
  "originHash" : "90431a6fc290f41087ac9378fdf72899b97eb4f27a4a897ca775536398174498",
  "pins" : [
    {
      "identity" : "realm-core",
      "kind" : "remoteSourceControl",
      "location" : "https://github.com/realm/realm-core.git",
      "state" : {
        "revision" : "cccb3ca9e26ec452a29f2f0d4050d1e38b8a3d43",
        "version" : "14.14.0"
      }
    },
    {
      "identity" : "realm-dynamic-wrapper",
      "kind" : "remoteSourceControl",
      "location" : "https://github.com/Data-Sapien/Realm-Dynamic-Wrapper.git",
      "state" : {
        "branch" : "main",
        "revision" : "c63300c2dbe3d01ad63cf9348c5d621b233e2259"
      }
    },
    {
      "identity" : "realm-swift",
      "kind" : "remoteSourceControl",
      "location" : "https://github.com/realm/realm-swift.git",
      "state" : {
        "revision" : "d94d44781167fbb8d7a46fb181e784a6446ca5c1",
        "version" : "10.54.4"
      }
    }
  ],
  "version" : 3
}
